
Microsoft Visual Studio Solution File, Format Version 12.00
# Visual Studio Version 16
VisualStudioVersion = 16.0.34301.259
MinimumVisualStudioVersion = 10.0.40219.1
Project("{FAE04EC0-301F-11D3-BF4B-00C04F79EFBC}") = "sudokuuj", "sudokuuj.csproj", "{F1804F31-7A12-4EAF-AB2A-1A3B24B872CB}"
EndProject
Global
	GlobalSection(SolutionConfigurationPlatforms) = preSolution
		Debug|Any CPU = Debug|Any CPU
		Release|Any CPU = Release|Any CPU
	EndGlobalSection
	GlobalSection(ProjectConfigurationPlatforms) = postSolution
		{F1804F31-7A12-4EAF-AB2A-1A3B24B872CB}.Debug|Any CPU.ActiveCfg = Debug|Any CPU
		{F1804F31-7A12-4EAF-AB2A-1A3B24B872CB}.Debug|Any CPU.Build.0 = Debug|Any CPU
		{F1804F31-7A12-4EAF-AB2A-1A3B24B872CB}.Release|Any CPU.ActiveCfg = Release|Any CPU
		{F1804F31-7A12-4EAF-AB2A-1A3B24B872CB}.Release|Any CPU.Build.0 = Release|Any CPU
	EndGlobalSection
	GlobalSection(SolutionProperties) = preSolution
		HideSolutionNode = FALSE
	EndGlobalSection
	GlobalSection(ExtensibilityGlobals) = postSolution
		SolutionGuid = {D7F4FCD3-5927-4275-9848-95927CCB618A}
	EndGlobalSection
EndGlobal
